
Microsoft Visual Studio Solution File, Format Version 12.00
Project("{FAE04EC0-301F-11D3-BF4B-00C04F79EFBC}") = "CrossTheRoadGame", "CrossTheRoadGame\CrossTheRoadGame.csproj", "{F13F162C-36A1-46D3-AFE4-66FD56A83EE0}"
EndProject
Global
	GlobalSection(SolutionConfigurationPlatforms) = preSolution
		Debug|Any CPU = Debug|Any CPU
		Release|Any CPU = Release|Any CPU
	EndGlobalSection
	GlobalSection(ProjectConfigurationPlatforms) = postSolution
		{F13F162C-36A1-46D3-AFE4-66FD56A83EE0}.Debug|Any CPU.ActiveCfg = Debug|Any CPU
		{F13F162C-36A1-46D3-AFE4-66FD56A83EE0}.Debug|Any CPU.Build.0 = Debug|Any CPU
		{F13F162C-36A1-46D3-AFE4-66FD56A83EE0}.Release|Any CPU.ActiveCfg = Release|Any CPU
		{F13F162C-36A1-46D3-AFE4-66FD56A83EE0}.Release|Any CPU.Build.0 = Release|Any CPU
	EndGlobalSection
EndGlobal
